
Microsoft Visual Studio Solution File, Format Version 12.00
# Visual Studio Version 16
VisualStudioVersion = 16.0.30621.155
MinimumVisualStudioVersion = 10.0.40219.1
Project("{9A19103F-16F7-4668-BE54-9A1E7A4F7556}") = "myalfunction", "myalfunction\myalfunction.csproj", "{CABF856E-2D7F-4B49-ABFD-2408DD364DB0}"
EndProject
Project("{9A19103F-16F7-4668-BE54-9A1E7A4F7556}") = "myvsalfunction", "myvsalfunction\myvsalfunction.csproj", "{65EB1A7C-0084-47FF-B93C-CA1CD5B95A8D}"
EndProject
Project("{9A19103F-16F7-4668-BE54-9A1E7A4F7556}") = "Shared", "Shared\Shared.csproj", "{623546A8-09AE-45CB-8B31-7A4656F58C15}"
EndProject
Project("{FAE04EC0-301F-11D3-BF4B-00C04F79EFBC}") = "myvsdurablefunctions", "myvsdurablefunctions\myvsdurablefunctions.csproj", "{7A5B6AA7-E563-4095-A7A4-3B1E59104EF6}"
EndProject
Global
	GlobalSection(SolutionConfigurationPlatforms) = preSolution
		Debug|Any CPU = Debug|Any CPU
		Release|Any CPU = Release|Any CPU
	EndGlobalSection
	GlobalSection(ProjectConfigurationPlatforms) = postSolution
		{CABF856E-2D7F-4B49-ABFD-2408DD364DB0}.Debug|Any CPU.ActiveCfg = Debug|Any CPU
		{CABF856E-2D7F-4B49-ABFD-2408DD364DB0}.Debug|Any CPU.Build.0 = Debug|Any CPU
		{CABF856E-2D7F-4B49-ABFD-2408DD364DB0}.Release|Any CPU.ActiveCfg = Release|Any CPU
		{CABF856E-2D7F-4B49-ABFD-2408DD364DB0}.Release|Any CPU.Build.0 = Release|Any CPU
		{65EB1A7C-0084-47FF-B93C-CA1CD5B95A8D}.Debug|Any CPU.ActiveCfg = Debug|Any CPU
		{65EB1A7C-0084-47FF-B93C-CA1CD5B95A8D}.Debug|Any CPU.Build.0 = Debug|Any CPU
		{65EB1A7C-0084-47FF-B93C-CA1CD5B95A8D}.Release|Any CPU.ActiveCfg = Release|Any CPU
		{65EB1A7C-0084-47FF-B93C-CA1CD5B95A8D}.Release|Any CPU.Build.0 = Release|Any CPU
		{623546A8-09AE-45CB-8B31-7A4656F58C15}.Debug|Any CPU.ActiveCfg = Debug|Any CPU
		{623546A8-09AE-45CB-8B31-7A4656F58C15}.Debug|Any CPU.Build.0 = Debug|Any CPU
		{623546A8-09AE-45CB-8B31-7A4656F58C15}.Release|Any CPU.ActiveCfg = Release|Any CPU
		{623546A8-09AE-45CB-8B31-7A4656F58C15}.Release|Any CPU.Build.0 = Release|Any CPU
		{7A5B6AA7-E563-4095-A7A4-3B1E59104EF6}.Debug|Any CPU.ActiveCfg = Debug|Any CPU
		{7A5B6AA7-E563-4095-A7A4-3B1E59104EF6}.Debug|Any CPU.Build.0 = Debug|Any CPU
		{7A5B6AA7-E563-4095-A7A4-3B1E59104EF6}.Release|Any CPU.ActiveCfg = Release|Any CPU
		{7A5B6AA7-E563-4095-A7A4-3B1E59104EF6}.Release|Any CPU.Build.0 = Release|Any CPU
	EndGlobalSection
	GlobalSection(SolutionProperties) = preSolution
		HideSolutionNode = FALSE
	EndGlobalSection
	GlobalSection(ExtensibilityGlobals) = postSolution
		SolutionGuid = {FE1C1FAB-0B9F-4B41-A245-C961AEDCA3A3}
	EndGlobalSection
EndGlobal
